
Microsoft Visual Studio Solution File, Format Version 12.00
# Visual Studio Version 16
VisualStudioVersion = 16.0.29613.14
MinimumVisualStudioVersion = 10.0.40219.1
Project("{FAE04EC0-301F-11D3-BF4B-00C04F79EFBC}") = "WpfApp1", "WpfApp1\WpfApp1.csproj", "{8AC9D584-04C5-47FB-8624-BBAC7DD03393}"
EndProject
Global
	GlobalSection(SolutionConfigurationPlatforms) = preSolution
		Debug|Any CPU = Debug|Any CPU
		Release|Any CPU = Release|Any CPU
	EndGlobalSection
	GlobalSection(ProjectConfigurationPlatforms) = postSolution
		{8AC9D584-04C5-47FB-8624-BBAC7DD03393}.Debug|Any CPU.ActiveCfg = Debug|Any CPU
		{8AC9D584-04C5-47FB-8624-BBAC7DD03393}.Debug|Any CPU.Build.0 = Debug|Any CPU
		{8AC9D584-04C5-47FB-8624-BBAC7DD03393}.Release|Any CPU.ActiveCfg = Release|Any CPU
		{8AC9D584-04C5-47FB-8624-BBAC7DD03393}.Release|Any CPU.Build.0 = Release|Any CPU
	EndGlobalSection
	GlobalSection(SolutionProperties) = preSolution
		HideSolutionNode = FALSE
	EndGlobalSection
	GlobalSection(ExtensibilityGlobals) = postSolution
		SolutionGuid = {D785785C-5A62-4D2C-81DC-EB9BA0ACB0B4}
	EndGlobalSection
EndGlobal
